# THIS IS AN AUTOGENERATED FILE. DO NOT EDIT THIS FILE DIRECTLY.
# yarn lockfile v1


deasyncify@^0.0.1:
  version "0.0.1"
  resolved "https://registry.yarnpkg.com/deasyncify/-/deasyncify-0.0.1.tgz#7ecf53dfbee545c1910329c23be3882af31ebc14"
  integrity sha512-FJOIaJbKKyrQ6iQvtH4Kv37QnfO84eHIl6wj8S+ofm0ToZdxZNr9Po8Z0Wg0Wfk1jBsVaMD2EZQN1s+UBsgXTA==
